// !$*UTF8*$!
{
	archiveVersion = 1;
	classes = {
	};
	objectVersion = 77;
	objects = {

/* Begin PBXBuildFile section */
		0E3D030145EF65BA063B0A9F /* NotificationScheduler.swift in Sources */ = {isa = PBXBuildFile; fileRef = 106A6CDA86CB572889B9B234 /* NotificationScheduler.swift */; };
		122F0650620E5F1934C67539 /* AdRendererFactory.swift in Sources */ = {isa = PBXBuildFile; fileRef = 198B1F542D170F5CB20EFCE5 /* AdRendererFactory.swift */; };
		174F8F927838A16ABE26C67B /* DisabledPurchasesService.swift in Sources */ = {isa = PBXBuildFile; fileRef = 89AC02614213E8D880DCCC16 /* DisabledPurchasesService.swift */; };
		1A4F13DF9639E87C049518B3 /* GoogleMobileAdsRenderer.swift in Sources */ = {isa = PBXBuildFile; fileRef = 559F9B6243FA9F367775ABD4 /* GoogleMobileAdsRenderer.swift */; };
		201398D1F79ADF01E1C1833B /* DeepLinkRouter.swift in Sources */ = {isa = PBXBuildFile; fileRef = 0CA2A1668140EF85E5E7A9F1 /* DeepLinkRouter.swift */; };
		2FFF60494360426137A009B6 /* RevenueCatPurchasesService.swift in Sources */ = {isa = PBXBuildFile; fileRef = 6056819C81C6654AE50E1027 /* RevenueCatPurchasesService.swift */; };
		5D5FC4749FA2704C362C75A8 /* NotificationDelegate.swift in Sources */ = {isa = PBXBuildFile; fileRef = 01B6800809AEE21E3827BD0C /* NotificationDelegate.swift */; };
		62A52FDD8B4150725A1703A1 /* PurchasesServiceFactory.swift in Sources */ = {isa = PBXBuildFile; fileRef = 1D3EE5176701CC96C024E546 /* PurchasesServiceFactory.swift */; };
		6E4F858011051076176B4E9A /* DesignSystem in Frameworks */ = {isa = PBXBuildFile; productRef = 8DC9D4487520D96A1A32CAA0 /* DesignSystem */; };
		87226EAEE19555B99FE46A86 /* MeigichoApp.swift in Sources */ = {isa = PBXBuildFile; fileRef = 6F350DE2831395F638385BFE /* MeigichoApp.swift */; };
		96AEFF98EE160182D1A963AB /* NotificationPermissionStore.swift in Sources */ = {isa = PBXBuildFile; fileRef = 1810F73F17E6BC8EED2312E2 /* NotificationPermissionStore.swift */; };
		97EDF97FB3981BF817BE0AF2 /* GoogleMobileAds in Frameworks */ = {isa = PBXBuildFile; productRef = 42007FBBFAB893D4F14BAED4 /* GoogleMobileAds */; };
		9DCDB309ED6AB120C967E761 /* AppEnvironment.swift in Sources */ = {isa = PBXBuildFile; fileRef = 288FC8BAE02F849E8A4A3419 /* AppEnvironment.swift */; };
		AA0779F01DBD7CAA6F83BE00 /* AdsInitializer.swift in Sources */ = {isa = PBXBuildFile; fileRef = 13B2F51B06D93A6B4FEA1D28 /* AdsInitializer.swift */; };
		CB8956797FEFB21170DBB91E /* Features in Frameworks */ = {isa = PBXBuildFile; productRef = 284B650254D1D7925C7EBBD9 /* Features */; };
		CF74F980C4963F977AC0EBAD /* Domain in Frameworks */ = {isa = PBXBuildFile; productRef = 795E74327B348E52EC471C5B /* Domain */; };
		D16DB5F5DAD031FF154EF25A /* DisabledAdRenderer.swift in Sources */ = {isa = PBXBuildFile; fileRef = 7193440DF8FF1849BD64DAAA /* DisabledAdRenderer.swift */; };
		EAEC792A79B78E3D07583951 /* Network in Frameworks */ = {isa = PBXBuildFile; productRef = DCE7B5E69163E21783FFA57E /* Network */; };
		F96D3E010C675884BE8E95C3 /* DataStore in Frameworks */ = {isa = PBXBuildFile; productRef = A954DD7CF6CC8D8602DA6DD1 /* DataStore */; };
/* End PBXBuildFile section */

/* Begin PBXFileReference section */
		01B6800809AEE21E3827BD0C /* NotificationDelegate.swift */ = {isa = PBXFileReference; lastKnownFileType = sourcecode.swift; path = NotificationDelegate.swift; sourceTree = "<group>"; };
		0CA2A1668140EF85E5E7A9F1 /* DeepLinkRouter.swift */ = {isa = PBXFileReference; lastKnownFileType = sourcecode.swift; path = DeepLinkRouter.swift; sourceTree = "<group>"; };
		0D1313C5C74AB5A46420A697 /* Features */ = {isa = PBXFileReference; lastKnownFileType = folder; name = Features; path = Packages/Features; sourceTree = SOURCE_ROOT; };
		0F17D588817C8A322E9782A8 /* Domain */ = {isa = PBXFileReference; lastKnownFileType = folder; name = Domain; path = Packages/Domain; sourceTree = SOURCE_ROOT; };
		106A6CDA86CB572889B9B234 /* NotificationScheduler.swift */ = {isa = PBXFileReference; lastKnownFileType = sourcecode.swift; path = NotificationScheduler.swift; sourceTree = "<group>"; };
		13B2F51B06D93A6B4FEA1D28 /* AdsInitializer.swift */ = {isa = PBXFileReference; lastKnownFileType = sourcecode.swift; path = AdsInitializer.swift; sourceTree = "<group>"; };
		1810F73F17E6BC8EED2312E2 /* NotificationPermissionStore.swift */ = {isa = PBXFileReference; lastKnownFileType = sourcecode.swift; path = NotificationPermissionStore.swift; sourceTree = "<group>"; };
		198B1F542D170F5CB20EFCE5 /* AdRendererFactory.swift */ = {isa = PBXFileReference; lastKnownFileType = sourcecode.swift; path = AdRendererFactory.swift; sourceTree = "<group>"; };
		1D3EE5176701CC96C024E546 /* PurchasesServiceFactory.swift */ = {isa = PBXFileReference; lastKnownFileType = sourcecode.swift; path = PurchasesServiceFactory.swift; sourceTree = "<group>"; };
		288FC8BAE02F849E8A4A3419 /* AppEnvironment.swift */ = {isa = PBXFileReference; lastKnownFileType = sourcecode.swift; path = AppEnvironment.swift; sourceTree = "<group>"; };
		559F9B6243FA9F367775ABD4 /* GoogleMobileAdsRenderer.swift */ = {isa = PBXFileReference; lastKnownFileType = sourcecode.swift; path = GoogleMobileAdsRenderer.swift; sourceTree = "<group>"; };
		564A8F8FBEC05DBBA6BA5D45 /* Info.plist */ = {isa = PBXFileReference; lastKnownFileType = text.plist; path = Info.plist; sourceTree = "<group>"; };
		6056819C81C6654AE50E1027 /* RevenueCatPurchasesService.swift */ = {isa = PBXFileReference; lastKnownFileType = sourcecode.swift; path = RevenueCatPurchasesService.swift; sourceTree = "<group>"; };
		6F350DE2831395F638385BFE /* MeigichoApp.swift */ = {isa = PBXFileReference; lastKnownFileType = sourcecode.swift; path = MeigichoApp.swift; sourceTree = "<group>"; };
		7193440DF8FF1849BD64DAAA /* DisabledAdRenderer.swift */ = {isa = PBXFileReference; lastKnownFileType = sourcecode.swift; path = DisabledAdRenderer.swift; sourceTree = "<group>"; };
		84AF5ADA9F1C3E618A41BEBD /* Core */ = {isa = PBXFileReference; lastKnownFileType = folder; name = Core; path = Packages/Core; sourceTree = SOURCE_ROOT; };
		89AC02614213E8D880DCCC16 /* DisabledPurchasesService.swift */ = {isa = PBXFileReference; lastKnownFileType = sourcecode.swift; path = DisabledPurchasesService.swift; sourceTree = "<group>"; };
		ADEECAFC5B7D9D09A95F7C5A /* DesignSystem */ = {isa = PBXFileReference; lastKnownFileType = folder; name = DesignSystem; path = Packages/DesignSystem; sourceTree = SOURCE_ROOT; };
		C56BCE674E2B023C82717F39 /* Network */ = {isa = PBXFileReference; lastKnownFileType = folder; name = Network; path = Packages/Network; sourceTree = SOURCE_ROOT; };
		ED039E4F8E7B0A56C453A65A /* Meigicho.app */ = {isa = PBXFileReference; includeInIndex = 0; lastKnownFileType = wrapper.application; path = Meigicho.app; sourceTree = BUILT_PRODUCTS_DIR; };
		FB42BB444579A2AA4E104444 /* DataStore */ = {isa = PBXFileReference; lastKnownFileType = folder; name = DataStore; path = Packages/DataStore; sourceTree = SOURCE_ROOT; };
/* End PBXFileReference section */

/* Begin PBXFrameworksBuildPhase section */
		CFFAB3ED915FD27969D466A6 /* Frameworks */ = {
			isa = PBXFrameworksBuildPhase;
			buildActionMask = 2147483647;
			files = (
				CB8956797FEFB21170DBB91E /* Features in Frameworks */,
				6E4F858011051076176B4E9A /* DesignSystem in Frameworks */,
				CF74F980C4963F977AC0EBAD /* Domain in Frameworks */,
				F96D3E010C675884BE8E95C3 /* DataStore in Frameworks */,
				EAEC792A79B78E3D07583951 /* Network in Frameworks */,
				97EDF97FB3981BF817BE0AF2 /* GoogleMobileAds in Frameworks */,
			);
			runOnlyForDeploymentPostprocessing = 0;
		};
/* End PBXFrameworksBuildPhase section */

/* Begin PBXGroup section */
		75CCEB70C4520B1309EB2044 /* Purchases */ = {
			isa = PBXGroup;
			children = (
				89AC02614213E8D880DCCC16 /* DisabledPurchasesService.swift */,
				1D3EE5176701CC96C024E546 /* PurchasesServiceFactory.swift */,
				6056819C81C6654AE50E1027 /* RevenueCatPurchasesService.swift */,
			);
			path = Purchases;
			sourceTree = "<group>";
		};
		7F6304A503295843FD5B6356 /* Ads */ = {
			isa = PBXGroup;
			children = (
				198B1F542D170F5CB20EFCE5 /* AdRendererFactory.swift */,
				13B2F51B06D93A6B4FEA1D28 /* AdsInitializer.swift */,
				7193440DF8FF1849BD64DAAA /* DisabledAdRenderer.swift */,
				559F9B6243FA9F367775ABD4 /* GoogleMobileAdsRenderer.swift */,
			);
			path = Ads;
			sourceTree = "<group>";
		};
		8A6AAFBCA5E4A95CD21ECFB8 /* Packages */ = {
			isa = PBXGroup;
			children = (
				84AF5ADA9F1C3E618A41BEBD /* Core */,
				FB42BB444579A2AA4E104444 /* DataStore */,
				ADEECAFC5B7D9D09A95F7C5A /* DesignSystem */,
				0F17D588817C8A322E9782A8 /* Domain */,
				0D1313C5C74AB5A46420A697 /* Features */,
				C56BCE674E2B023C82717F39 /* Network */,
			);
			path = Packages;
			sourceTree = "<group>";
		};
		8AA727F6092062428561EA02 /* Products */ = {
			isa = PBXGroup;
			children = (
				ED039E4F8E7B0A56C453A65A /* Meigicho.app */,
			);
			name = Products;
			sourceTree = "<group>";
		};
		9C8C8264B5AE41CD5C8C49CE /* App */ = {
			isa = PBXGroup;
			children = (
				288FC8BAE02F849E8A4A3419 /* AppEnvironment.swift */,
				0CA2A1668140EF85E5E7A9F1 /* DeepLinkRouter.swift */,
				564A8F8FBEC05DBBA6BA5D45 /* Info.plist */,
				6F350DE2831395F638385BFE /* MeigichoApp.swift */,
				01B6800809AEE21E3827BD0C /* NotificationDelegate.swift */,
				1810F73F17E6BC8EED2312E2 /* NotificationPermissionStore.swift */,
				106A6CDA86CB572889B9B234 /* NotificationScheduler.swift */,
				7F6304A503295843FD5B6356 /* Ads */,
				75CCEB70C4520B1309EB2044 /* Purchases */,
			);
			path = App;
			sourceTree = "<group>";
		};
		EFFF3EBC7E886A5A2BB7FAC4 = {
			isa = PBXGroup;
			children = (
				9C8C8264B5AE41CD5C8C49CE /* App */,
				8A6AAFBCA5E4A95CD21ECFB8 /* Packages */,
				8AA727F6092062428561EA02 /* Products */,
			);
			sourceTree = "<group>";
		};
/* End PBXGroup section */

/* Begin PBXNativeTarget section */
		BF80C8CCA2BD3AB4F35EA840 /* Meigicho */ = {
			isa = PBXNativeTarget;
			buildConfigurationList = AE8E965F52B23C963E39E9AF /* Build configuration list for PBXNativeTarget "Meigicho" */;
			buildPhases = (
				DE78C440B1F593FE1DEED956 /* Sources */,
				CFFAB3ED915FD27969D466A6 /* Frameworks */,
			);
			buildRules = (
			);
			dependencies = (
			);
			name = Meigicho;
			packageProductDependencies = (
				284B650254D1D7925C7EBBD9 /* Features */,
				8DC9D4487520D96A1A32CAA0 /* DesignSystem */,
				795E74327B348E52EC471C5B /* Domain */,
				A954DD7CF6CC8D8602DA6DD1 /* DataStore */,
				DCE7B5E69163E21783FFA57E /* Network */,
				42007FBBFAB893D4F14BAED4 /* GoogleMobileAds */,
			);
			productName = Meigicho;
			productReference = ED039E4F8E7B0A56C453A65A /* Meigicho.app */;
			productType = "com.apple.product-type.application";
		};
/* End PBXNativeTarget section */

/* Begin PBXProject section */
		AD64DEA57E4C46F083F991FA /* Project object */ = {
			isa = PBXProject;
			attributes = {
				BuildIndependentTargetsInParallel = YES;
				LastUpgradeCheck = 1600;
				TargetAttributes = {
					BF80C8CCA2BD3AB4F35EA840 = {
						DevelopmentTeam = "";
					};
				};
			};
			buildConfigurationList = 724CE17D4B90A408B0EEC19E /* Build configuration list for PBXProject "Meigicho" */;
			developmentRegion = en;
			hasScannedForEncodings = 0;
			knownRegions = (
				Base,
				en,
			);
			mainGroup = EFFF3EBC7E886A5A2BB7FAC4;
			minimizedProjectReferenceProxies = 1;
			packageReferences = (
				4B328AAB15DCF323D6AE48DF /* XCRemoteSwiftPackageReference "swift-package-manager-google-mobile-ads" */,
				2D6D57DB1468FCB8271CB71B /* XCLocalSwiftPackageReference "Packages/Core" */,
				9D965421F1DB51C866194E9F /* XCLocalSwiftPackageReference "Packages/DataStore" */,
				D6169CFC0CC5AF9AEF9F6398 /* XCLocalSwiftPackageReference "Packages/DesignSystem" */,
				ECB849951801C611A16AE5B4 /* XCLocalSwiftPackageReference "Packages/Domain" */,
				FA18C1EF15AEABE7EF4757B0 /* XCLocalSwiftPackageReference "Packages/Features" */,
				2618D1EA4BE08F63F9947CD3 /* XCLocalSwiftPackageReference "Packages/Network" */,
			);
			preferredProjectObjectVersion = 77;
			productRefGroup = 8AA727F6092062428561EA02 /* Products */;
			projectDirPath = "";
			projectRoot = "";
			targets = (
				BF80C8CCA2BD3AB4F35EA840 /* Meigicho */,
			);
		};
/* End PBXProject section */

/* Begin PBXSourcesBuildPhase section */
		DE78C440B1F593FE1DEED956 /* Sources */ = {
			isa = PBXSourcesBuildPhase;
			buildActionMask = 2147483647;
			files = (
				122F0650620E5F1934C67539 /* AdRendererFactory.swift in Sources */,
				AA0779F01DBD7CAA6F83BE00 /* AdsInitializer.swift in Sources */,
				9DCDB309ED6AB120C967E761 /* AppEnvironment.swift in Sources */,
				201398D1F79ADF01E1C1833B /* DeepLinkRouter.swift in Sources */,
				D16DB5F5DAD031FF154EF25A /* DisabledAdRenderer.swift in Sources */,
				174F8F927838A16ABE26C67B /* DisabledPurchasesService.swift in Sources */,
				1A4F13DF9639E87C049518B3 /* GoogleMobileAdsRenderer.swift in Sources */,
				87226EAEE19555B99FE46A86 /* MeigichoApp.swift in Sources */,
				5D5FC4749FA2704C362C75A8 /* NotificationDelegate.swift in Sources */,
				96AEFF98EE160182D1A963AB /* NotificationPermissionStore.swift in Sources */,
				0E3D030145EF65BA063B0A9F /* NotificationScheduler.swift in Sources */,
				62A52FDD8B4150725A1703A1 /* PurchasesServiceFactory.swift in Sources */,
				2FFF60494360426137A009B6 /* RevenueCatPurchasesService.swift in Sources */,
			);
			runOnlyForDeploymentPostprocessing = 0;
		};
/* End PBXSourcesBuildPhase section */

/* Begin XCBuildConfiguration section */
		011E06270776F1FC250AD948 /* Release */ = {
			isa = XCBuildConfiguration;
			buildSettings = {
				ADMOB_APP_ID = "ca-app-pub-3940256099942544~1458002511";
				ADMOB_UNIT_IDENTITIES_BANNER = "";
				ADMOB_UNIT_IDENTITYDETAIL_BANNER = "";
				ADMOB_UNIT_TOURTABLE_BANNER = "";
				ALWAYS_SEARCH_USER_PATHS = NO;
				API_BASE_URL = "https://api.meigicho.example";
				CLANG_ANALYZER_NONNULL = YES;
				CLANG_ANALYZER_NUMBER_OBJECT_CONVERSION = YES_AGGRESSIVE;
				CLANG_CXX_LANGUAGE_STANDARD = "gnu++14";
				CLANG_CXX_LIBRARY = "libc++";
				CLANG_ENABLE_MODULES = YES;
				CLANG_ENABLE_OBJC_ARC = YES;
				CLANG_ENABLE_OBJC_WEAK = YES;
				CLANG_WARN_BLOCK_CAPTURE_AUTORELEASING = YES;
				CLANG_WARN_BOOL_CONVERSION = YES;
				CLANG_WARN_COMMA = YES;
				CLANG_WARN_CONSTANT_CONVERSION = YES;
				CLANG_WARN_DEPRECATED_OBJC_IMPLEMENTATIONS = YES;
				CLANG_WARN_DIRECT_OBJC_ISA_USAGE = YES_ERROR;
				CLANG_WARN_DOCUMENTATION_COMMENTS = YES;
				CLANG_WARN_EMPTY_BODY = YES;
				CLANG_WARN_ENUM_CONVERSION = YES;
				CLANG_WARN_INFINITE_RECURSION = YES;
				CLANG_WARN_INT_CONVERSION = YES;
				CLANG_WARN_NON_LITERAL_NULL_CONVERSION = YES;
				CLANG_WARN_OBJC_IMPLICIT_RETAIN_SELF = YES;
				CLANG_WARN_OBJC_LITERAL_CONVERSION = YES;
				CLANG_WARN_OBJC_ROOT_CLASS = YES_ERROR;
				CLANG_WARN_QUOTED_INCLUDE_IN_FRAMEWORK_HEADER = YES;
				CLANG_WARN_RANGE_LOOP_ANALYSIS = YES;
				CLANG_WARN_STRICT_PROTOTYPES = YES;
				CLANG_WARN_SUSPICIOUS_MOVE = YES;
				CLANG_WARN_UNGUARDED_AVAILABILITY = YES_AGGRESSIVE;
				CLANG_WARN_UNREACHABLE_CODE = YES;
				CLANG_WARN__DUPLICATE_METHOD_MATCH = YES;
				COPY_PHASE_STRIP = NO;
				DEBUG_INFORMATION_FORMAT = "dwarf-with-dsym";
				ENABLE_NS_ASSERTIONS = NO;
				ENABLE_STRICT_OBJC_MSGSEND = YES;
				GCC_C_LANGUAGE_STANDARD = gnu11;
				GCC_NO_COMMON_BLOCKS = YES;
				GCC_WARN_64_TO_32_BIT_CONVERSION = YES;
				GCC_WARN_ABOUT_RETURN_TYPE = YES_ERROR;
				GCC_WARN_UNDECLARED_SELECTOR = YES;
				GCC_WARN_UNINITIALIZED_AUTOS = YES_AGGRESSIVE;
				GCC_WARN_UNUSED_FUNCTION = YES;
				GCC_WARN_UNUSED_VARIABLE = YES;
				GOOGLE_IOS_CLIENT_ID = "";
				GOOGLE_REVERSED_CLIENT_ID = "";
				IPHONEOS_DEPLOYMENT_TARGET = 17.0;
				MTL_ENABLE_DEBUG_INFO = NO;
				MTL_FAST_MATH = YES;
				PRODUCT_NAME = "$(TARGET_NAME)";
				REVENUECAT_API_KEY = "";
				SDKROOT = iphoneos;
				SWIFT_COMPILATION_MODE = wholemodule;
				SWIFT_OPTIMIZATION_LEVEL = "-O";
				SWIFT_STRICT_CONCURRENCY = complete;
				SWIFT_VERSION = 6.0;
			};
			name = Release;
		};
		23F356B3EC79C320AA1DBFC4 /* Debug */ = {
			isa = XCBuildConfiguration;
			buildSettings = {
				ASSETCATALOG_COMPILER_APPICON_NAME = AppIcon;
				CODE_SIGN_IDENTITY = "iPhone Developer";
				DEVELOPMENT_TEAM = "";
				INFOPLIST_FILE = App/Info.plist;
				INFOPLIST_KEY_CFBundleDisplayName = "参戦名義帳";
				INFOPLIST_KEY_UILaunchScreen_Generation = YES;
				INFOPLIST_KEY_UISupportedInterfaceOrientations = UIInterfaceOrientationPortrait;
				LD_RUNPATH_SEARCH_PATHS = (
					"$(inherited)",
					"@executable_path/Frameworks",
				);
				PRODUCT_BUNDLE_IDENTIFIER = jp.meigicho.app;
				SDKROOT = iphoneos;
				TARGETED_DEVICE_FAMILY = 1;
			};
			name = Debug;
		};
		5E77321234AC9382150708DB /* Release */ = {
			isa = XCBuildConfiguration;
			buildSettings = {
				ASSETCATALOG_COMPILER_APPICON_NAME = AppIcon;
				CODE_SIGN_IDENTITY = "iPhone Developer";
				DEVELOPMENT_TEAM = "";
				INFOPLIST_FILE = App/Info.plist;
				INFOPLIST_KEY_CFBundleDisplayName = "参戦名義帳";
				INFOPLIST_KEY_UILaunchScreen_Generation = YES;
				INFOPLIST_KEY_UISupportedInterfaceOrientations = UIInterfaceOrientationPortrait;
				LD_RUNPATH_SEARCH_PATHS = (
					"$(inherited)",
					"@executable_path/Frameworks",
				);
				PRODUCT_BUNDLE_IDENTIFIER = jp.meigicho.app;
				SDKROOT = iphoneos;
				TARGETED_DEVICE_FAMILY = 1;
			};
			name = Release;
		};
		DF11B9F13C4FA27ADDD08A0F /* Debug */ = {
			isa = XCBuildConfiguration;
			buildSettings = {
				ADMOB_APP_ID = "ca-app-pub-3940256099942544~1458002511";
				ADMOB_UNIT_IDENTITIES_BANNER = "";
				ADMOB_UNIT_IDENTITYDETAIL_BANNER = "";
				ADMOB_UNIT_TOURTABLE_BANNER = "";
				ALWAYS_SEARCH_USER_PATHS = NO;
				API_BASE_URL = "http://localhost:8080";
				CLANG_ANALYZER_NONNULL = YES;
				CLANG_ANALYZER_NUMBER_OBJECT_CONVERSION = YES_AGGRESSIVE;
				CLANG_CXX_LANGUAGE_STANDARD = "gnu++14";
				CLANG_CXX_LIBRARY = "libc++";
				CLANG_ENABLE_MODULES = YES;
				CLANG_ENABLE_OBJC_ARC = YES;
				CLANG_ENABLE_OBJC_WEAK = YES;
				CLANG_WARN_BLOCK_CAPTURE_AUTORELEASING = YES;
				CLANG_WARN_BOOL_CONVERSION = YES;
				CLANG_WARN_COMMA = YES;
				CLANG_WARN_CONSTANT_CONVERSION = YES;
				CLANG_WARN_DEPRECATED_OBJC_IMPLEMENTATIONS = YES;
				CLANG_WARN_DIRECT_OBJC_ISA_USAGE = YES_ERROR;
				CLANG_WARN_DOCUMENTATION_COMMENTS = YES;
				CLANG_WARN_EMPTY_BODY = YES;
				CLANG_WARN_ENUM_CONVERSION = YES;
				CLANG_WARN_INFINITE_RECURSION = YES;
				CLANG_WARN_INT_CONVERSION = YES;
				CLANG_WARN_NON_LITERAL_NULL_CONVERSION = YES;
				CLANG_WARN_OBJC_IMPLICIT_RETAIN_SELF = YES;
				CLANG_WARN_OBJC_LITERAL_CONVERSION = YES;
				CLANG_WARN_OBJC_ROOT_CLASS = YES_ERROR;
				CLANG_WARN_QUOTED_INCLUDE_IN_FRAMEWORK_HEADER = YES;
				CLANG_WARN_RANGE_LOOP_ANALYSIS = YES;
				CLANG_WARN_STRICT_PROTOTYPES = YES;
				CLANG_WARN_SUSPICIOUS_MOVE = YES;
				CLANG_WARN_UNGUARDED_AVAILABILITY = YES_AGGRESSIVE;
				CLANG_WARN_UNREACHABLE_CODE = YES;
				CLANG_WARN__DUPLICATE_METHOD_MATCH = YES;
				COPY_PHASE_STRIP = NO;
				DEBUG_INFORMATION_FORMAT = dwarf;
				ENABLE_STRICT_OBJC_MSGSEND = YES;
				ENABLE_TESTABILITY = YES;
				GCC_C_LANGUAGE_STANDARD = gnu11;
				GCC_DYNAMIC_NO_PIC = NO;
				GCC_NO_COMMON_BLOCKS = YES;
				GCC_OPTIMIZATION_LEVEL = 0;
				GCC_PREPROCESSOR_DEFINITIONS = (
					"$(inherited)",
					"DEBUG=1",
				);
				GCC_WARN_64_TO_32_BIT_CONVERSION = YES;
				GCC_WARN_ABOUT_RETURN_TYPE = YES_ERROR;
				GCC_WARN_UNDECLARED_SELECTOR = YES;
				GCC_WARN_UNINITIALIZED_AUTOS = YES_AGGRESSIVE;
				GCC_WARN_UNUSED_FUNCTION = YES;
				GCC_WARN_UNUSED_VARIABLE = YES;
				GOOGLE_IOS_CLIENT_ID = "";
				GOOGLE_REVERSED_CLIENT_ID = "";
				IPHONEOS_DEPLOYMENT_TARGET = 17.0;
				MTL_ENABLE_DEBUG_INFO = INCLUDE_SOURCE;
				MTL_FAST_MATH = YES;
				ONLY_ACTIVE_ARCH = YES;
				PRODUCT_NAME = "$(TARGET_NAME)";
				REVENUECAT_API_KEY = "";
				SDKROOT = iphoneos;
				SWIFT_ACTIVE_COMPILATION_CONDITIONS = DEBUG;
				SWIFT_OPTIMIZATION_LEVEL = "-Onone";
				SWIFT_STRICT_CONCURRENCY = complete;
				SWIFT_VERSION = 6.0;
			};
			name = Debug;
		};
/* End XCBuildConfiguration section */

/* Begin XCConfigurationList section */
		724CE17D4B90A408B0EEC19E /* Build configuration list for PBXProject "Meigicho" */ = {
			isa = XCConfigurationList;
			buildConfigurations = (
				DF11B9F13C4FA27ADDD08A0F /* Debug */,
				011E06270776F1FC250AD948 /* Release */,
			);
			defaultConfigurationIsVisible = 0;
			defaultConfigurationName = Debug;
		};
		AE8E965F52B23C963E39E9AF /* Build configuration list for PBXNativeTarget "Meigicho" */ = {
			isa = XCConfigurationList;
			buildConfigurations = (
				23F356B3EC79C320AA1DBFC4 /* Debug */,
				5E77321234AC9382150708DB /* Release */,
			);
			defaultConfigurationIsVisible = 0;
			defaultConfigurationName = Debug;
		};
/* End XCConfigurationList section */

/* Begin XCLocalSwiftPackageReference section */
		2618D1EA4BE08F63F9947CD3 /* XCLocalSwiftPackageReference "Packages/Network" */ = {
			isa = XCLocalSwiftPackageReference;
			relativePath = Packages/Network;
		};
		2D6D57DB1468FCB8271CB71B /* XCLocalSwiftPackageReference "Packages/Core" */ = {
			isa = XCLocalSwiftPackageReference;
			relativePath = Packages/Core;
		};
		9D965421F1DB51C866194E9F /* XCLocalSwiftPackageReference "Packages/DataStore" */ = {
			isa = XCLocalSwiftPackageReference;
			relativePath = Packages/DataStore;
		};
		D6169CFC0CC5AF9AEF9F6398 /* XCLocalSwiftPackageReference "Packages/DesignSystem" */ = {
			isa = XCLocalSwiftPackageReference;
			relativePath = Packages/DesignSystem;
		};
		ECB849951801C611A16AE5B4 /* XCLocalSwiftPackageReference "Packages/Domain" */ = {
			isa = XCLocalSwiftPackageReference;
			relativePath = Packages/Domain;
		};
		FA18C1EF15AEABE7EF4757B0 /* XCLocalSwiftPackageReference "Packages/Features" */ = {
			isa = XCLocalSwiftPackageReference;
			relativePath = Packages/Features;
		};
/* End XCLocalSwiftPackageReference section */

/* Begin XCRemoteSwiftPackageReference section */
		4B328AAB15DCF323D6AE48DF /* XCRemoteSwiftPackageReference "swift-package-manager-google-mobile-ads" */ = {
			isa = XCRemoteSwiftPackageReference;
			repositoryURL = "https://github.com/googleads/swift-package-manager-google-mobile-ads";
			requirement = {
				kind = upToNextMajorVersion;
				minimumVersion = 11.0.0;
			};
		};
/* End XCRemoteSwiftPackageReference section */

/* Begin XCSwiftPackageProductDependency section */
		284B650254D1D7925C7EBBD9 /* Features */ = {
			isa = XCSwiftPackageProductDependency;
			productName = Features;
		};
		42007FBBFAB893D4F14BAED4 /* GoogleMobileAds */ = {
			isa = XCSwiftPackageProductDependency;
			package = 4B328AAB15DCF323D6AE48DF /* XCRemoteSwiftPackageReference "swift-package-manager-google-mobile-ads" */;
			productName = GoogleMobileAds;
		};
		795E74327B348E52EC471C5B /* Domain */ = {
			isa = XCSwiftPackageProductDependency;
			productName = Domain;
		};
		8DC9D4487520D96A1A32CAA0 /* DesignSystem */ = {
			isa = XCSwiftPackageProductDependency;
			productName = DesignSystem;
		};
		A954DD7CF6CC8D8602DA6DD1 /* DataStore */ = {
			isa = XCSwiftPackageProductDependency;
			productName = DataStore;
		};
		DCE7B5E69163E21783FFA57E /* Network */ = {
			isa = XCSwiftPackageProductDependency;
			productName = Network;
		};
/* End XCSwiftPackageProductDependency section */
	};
	rootObject = AD64DEA57E4C46F083F991FA /* Project object */;
}
